
Microsoft Visual Studio Solution File, Format Version 12.00
# Visual Studio Version 16
VisualStudioVersion = 16.0.29924.181
MinimumVisualStudioVersion = 10.0.40219.1
Project("{FAE04EC0-301F-11D3-BF4B-00C04F79EFBC}") = "CovidAlert.UWP", "CovidAlert\CovidAlert.UWP\CovidAlert.UWP.csproj", "{BC485A2A-51D8-4D3F-9CC7-6891C9220682}"
EndProject
Project("{FAE04EC0-301F-11D3-BF4B-00C04F79EFBC}") = "CovidAlert.Android", "CovidAlert\CovidAlert.Android\CovidAlert.Android.csproj", "{643056EE-D7D4-405B-A05D-42566DBD718A}"
EndProject
Project("{FAE04EC0-301F-11D3-BF4B-00C04F79EFBC}") = "CovidAlert.iOS", "CovidAlert\CovidAlert.iOS\CovidAlert.iOS.csproj", "{39C4979E-7C3C-42BD-A28B-0AA470853ADD}"
EndProject
Project("{FAE04EC0-301F-11D3-BF4B-00C04F79EFBC}") = "CovidAlert", "CovidAlert\CovidAlert\CovidAlert.csproj", "{9CC9911D-66C5-4E0E-AA24-4CF0E47594F9}"
EndProject
Global
	GlobalSection(SolutionConfigurationPlatforms) = preSolution
		Debug|Any CPU = Debug|Any CPU
		Debug|ARM = Debug|ARM
		Debug|iPhone = Debug|iPhone
		Debug|iPhoneSimulator = Debug|iPhoneSimulator
		Debug|x64 = Debug|x64
		Debug|x86 = Debug|x86
		Release|Any CPU = Release|Any CPU
		Release|ARM = Release|ARM
		Release|iPhone = Release|iPhone
		Release|iPhoneSimulator = Release|iPhoneSimulator
		Release|x64 = Release|x64
		Release|x86 = Release|x86
	EndGlobalSection
	GlobalSection(ProjectConfigurationPlatforms) = postSolution
		{BC485A2A-51D8-4D3F-9CC7-6891C9220682}.Debug|Any CPU.ActiveCfg = Debug|x86
		{BC485A2A-51D8-4D3F-9CC7-6891C9220682}.Debug|Any CPU.Build.0 = Debug|x86
		{BC485A2A-51D8-4D3F-9CC7-6891C9220682}.Debug|Any CPU.Deploy.0 = Debug|x86
		{BC485A2A-51D8-4D3F-9CC7-6891C9220682}.Debug|ARM.ActiveCfg = Debug|ARM
		{BC485A2A-51D8-4D3F-9CC7-6891C9220682}.Debug|ARM.Build.0 = Debug|ARM
		{BC485A2A-51D8-4D3F-9CC7-6891C9220682}.Debug|ARM.Deploy.0 = Debug|ARM
		{BC485A2A-51D8-4D3F-9CC7-6891C9220682}.Debug|iPhone.ActiveCfg = Debug|x86
		{BC485A2A-51D8-4D3F-9CC7-6891C9220682}.Debug|iPhone.Build.0 = Debug|x86
		{BC485A2A-51D8-4D3F-9CC7-6891C9220682}.Debug|iPhone.Deploy.0 = Debug|x86
		{BC485A2A-51D8-4D3F-9CC7-6891C9220682}.Debug|iPhoneSimulator.ActiveCfg = Debug|x86
		{BC485A2A-51D8-4D3F-9CC7-6891C9220682}.Debug|iPhoneSimulator.Build.0 = Debug|x86
		{BC485A2A-51D8-4D3F-9CC7-6891C9220682}.Debug|iPhoneSimulator.Deploy.0 = Debug|x86
		{BC485A2A-51D8-4D3F-9CC7-6891C9220682}.Debug|x64.ActiveCfg = Debug|x64
		{BC485A2A-51D8-4D3F-9CC7-6891C9220682}.Debug|x64.Build.0 = Debug|x64
		{BC485A2A-51D8-4D3F-9CC7-6891C9220682}.Debug|x64.Deploy.0 = Debug|x64
		{BC485A2A-51D8-4D3F-9CC7-6891C9220682}.Debug|x86.ActiveCfg = Debug|x86
		{BC485A2A-51D8-4D3F-9CC7-6891C9220682}.Debug|x86.Build.0 = Debug|x86
		{BC485A2A-51D8-4D3F-9CC7-6891C9220682}.Debug|x86.Deploy.0 = Debug|x86
		{BC485A2A-51D8-4D3F-9CC7-6891C9220682}.Release|Any CPU.ActiveCfg = Release|x86
		{BC485A2A-51D8-4D3F-9CC7-6891C9220682}.Release|Any CPU.Build.0 = Release|x86
		{BC485A2A-51D8-4D3F-9CC7-6891C9220682}.Release|Any CPU.Deploy.0 = Release|x86
		{BC485A2A-51D8-4D3F-9CC7-6891C9220682}.Release|ARM.ActiveCfg = Release|ARM
		{BC485A2A-51D8-4D3F-9CC7-6891C9220682}.Release|ARM.Build.0 = Release|ARM
		{BC485A2A-51D8-4D3F-9CC7-6891C9220682}.Release|ARM.Deploy.0 = Release|ARM
		{BC485A2A-51D8-4D3F-9CC7-6891C9220682}.Release|iPhone.ActiveCfg = Release|x86
		{BC485A2A-51D8-4D3F-9CC7-6891C9220682}.Release|iPhone.Build.0 = Release|x86
		{BC485A2A-51D8-4D3F-9CC7-6891C9220682}.Release|iPhone.Deploy.0 = Release|x86
		{BC485A2A-51D8-4D3F-9CC7-6891C9220682}.Release|iPhoneSimulator.ActiveCfg = Release|x86
		{BC485A2A-51D8-4D3F-9CC7-6891C9220682}.Release|iPhoneSimulator.Build.0 = Release|x86
		{BC485A2A-51D8-4D3F-9CC7-6891C9220682}.Release|iPhoneSimulator.Deploy.0 = Release|x86
		{BC485A2A-51D8-4D3F-9CC7-6891C9220682}.Release|x64.ActiveCfg = Release|x64
		{BC485A2A-51D8-4D3F-9CC7-6891C9220682}.Release|x64.Build.0 = Release|x64
		{BC485A2A-51D8-4D3F-9CC7-6891C9220682}.Release|x64.Deploy.0 = Release|x64
		{BC485A2A-51D8-4D3F-9CC7-6891C9220682}.Release|x86.ActiveCfg = Release|x86
		{BC485A2A-51D8-4D3F-9CC7-6891C9220682}.Release|x86.Build.0 = Release|x86
		{BC485A2A-51D8-4D3F-9CC7-6891C9220682}.Release|x86.Deploy.0 = Release|x86
		{643056EE-D7D4-405B-A05D-42566DBD718A}.Debug|Any CPU.ActiveCfg = Debug|Any CPU
		{643056EE-D7D4-405B-A05D-42566DBD718A}.Debug|Any CPU.Build.0 = Debug|Any CPU
		{643056EE-D7D4-405B-A05D-42566DBD718A}.Debug|Any CPU.Deploy.0 = Debug|Any CPU
		{643056EE-D7D4-405B-A05D-42566DBD718A}.Debug|ARM.ActiveCfg = Debug|Any CPU
		{643056EE-D7D4-405B-A05D-42566DBD718A}.Debug|ARM.Build.0 = Debug|Any CPU
		{643056EE-D7D4-405B-A05D-42566DBD718A}.Debug|ARM.Deploy.0 = Debug|Any CPU
		{643056EE-D7D4-405B-A05D-42566DBD718A}.Debug|iPhone.ActiveCfg = Debug|Any CPU
		{643056EE-D7D4-405B-A05D-42566DBD718A}.Debug|iPhone.Build.0 = Debug|Any CPU
		{643056EE-D7D4-405B-A05D-42566DBD718A}.Debug|iPhone.Deploy.0 = Debug|Any CPU
		{643056EE-D7D4-405B-A05D-42566DBD718A}.Debug|iPhoneSimulator.ActiveCfg = Debug|Any CPU
		{643056EE-D7D4-405B-A05D-42566DBD718A}.Debug|iPhoneSimulator.Build.0 = Debug|Any CPU
		{643056EE-D7D4-405B-A05D-42566DBD718A}.Debug|iPhoneSimulator.Deploy.0 = Debug|Any CPU
		{643056EE-D7D4-405B-A05D-42566DBD718A}.Debug|x64.ActiveCfg = Debug|Any CPU
		{643056EE-D7D4-405B-A05D-42566DBD718A}.Debug|x64.Build.0 = Debug|Any CPU
		{643056EE-D7D4-405B-A05D-42566DBD718A}.Debug|x64.Deploy.0 = Debug|Any CPU
		{643056EE-D7D4-405B-A05D-42566DBD718A}.Debug|x86.ActiveCfg = Debug|Any CPU
		{643056EE-D7D4-405B-A05D-42566DBD718A}.Debug|x86.Build.0 = Debug|Any CPU
		{643056EE-D7D4-405B-A05D-42566DBD718A}.Debug|x86.Deploy.0 = Debug|Any CPU
		{643056EE-D7D4-405B-A05D-42566DBD718A}.Release|Any CPU.ActiveCfg = Release|Any CPU
		{643056EE-D7D4-405B-A05D-42566DBD718A}.Release|Any CPU.Build.0 = Release|Any CPU
		{643056EE-D7D4-405B-A05D-42566DBD718A}.Release|Any CPU.Deploy.0 = Release|Any CPU
		{643056EE-D7D4-405B-A05D-42566DBD718A}.Release|ARM.ActiveCfg = Release|Any CPU
		{643056EE-D7D4-405B-A05D-42566DBD718A}.Release|ARM.Build.0 = Release|Any CPU
		{643056EE-D7D4-405B-A05D-42566DBD718A}.Release|ARM.Deploy.0 = Release|Any CPU
		{643056EE-D7D4-405B-A05D-42566DBD718A}.Release|iPhone.ActiveCfg = Release|Any CPU
		{643056EE-D7D4-405B-A05D-42566DBD718A}.Release|iPhone.Build.0 = Release|Any CPU
		{643056EE-D7D4-405B-A05D-42566DBD718A}.Release|iPhone.Deploy.0 = Release|Any CPU
		{643056EE-D7D4-405B-A05D-42566DBD718A}.Release|iPhoneSimulator.ActiveCfg = Release|Any CPU
		{643056EE-D7D4-405B-A05D-42566DBD718A}.Release|iPhoneSimulator.Build.0 = Release|Any CPU
		{643056EE-D7D4-405B-A05D-42566DBD718A}.Release|iPhoneSimulator.Deploy.0 = Release|Any CPU
		{643056EE-D7D4-405B-A05D-42566DBD718A}.Release|x64.ActiveCfg = Release|Any CPU
		{643056EE-D7D4-405B-A05D-42566DBD718A}.Release|x64.Build.0 = Release|Any CPU
		{643056EE-D7D4-405B-A05D-42566DBD718A}.Release|x64.Deploy.0 = Release|Any CPU
		{643056EE-D7D4-405B-A05D-42566DBD718A}.Release|x86.ActiveCfg = Release|Any CPU
		{643056EE-D7D4-405B-A05D-42566DBD718A}.Release|x86.Build.0 = Release|Any CPU
		{643056EE-D7D4-405B-A05D-42566DBD718A}.Release|x86.Deploy.0 = Release|Any CPU
		{39C4979E-7C3C-42BD-A28B-0AA470853ADD}.Debug|Any CPU.ActiveCfg = Debug|iPhone
		{39C4979E-7C3C-42BD-A28B-0AA470853ADD}.Debug|Any CPU.Build.0 = Debug|iPhone
		{39C4979E-7C3C-42BD-A28B-0AA470853ADD}.Debug|Any CPU.Deploy.0 = Debug|iPhone
		{39C4979E-7C3C-42BD-A28B-0AA470853ADD}.Debug|ARM.ActiveCfg = Debug|iPhone
		{39C4979E-7C3C-42BD-A28B-0AA470853ADD}.Debug|ARM.Build.0 = Debug|iPhone
		{39C4979E-7C3C-42BD-A28B-0AA470853ADD}.Debug|ARM.Deploy.0 = Debug|iPhone
		{39C4979E-7C3C-42BD-A28B-0AA470853ADD}.Debug|iPhone.ActiveCfg = Debug|iPhone
		{39C4979E-7C3C-42BD-A28B-0AA470853ADD}.Debug|iPhone.Build.0 = Debug|iPhone
		{39C4979E-7C3C-42BD-A28B-0AA470853ADD}.Debug|iPhone.Deploy.0 = Debug|iPhone
		{39C4979E-7C3C-42BD-A28B-0AA470853ADD}.Debug|iPhoneSimulator.ActiveCfg = Debug|iPhoneSimulator
		{39C4979E-7C3C-42BD-A28B-0AA470853ADD}.Debug|iPhoneSimulator.Build.0 = Debug|iPhoneSimulator
		{39C4979E-7C3C-42BD-A28B-0AA470853ADD}.Debug|iPhoneSimulator.Deploy.0 = Debug|iPhoneSimulator
		{39C4979E-7C3C-42BD-A28B-0AA470853ADD}.Debug|x64.ActiveCfg = Debug|iPhone
		{39C4979E-7C3C-42BD-A28B-0AA470853ADD}.Debug|x64.Build.0 = Debug|iPhone
		{39C4979E-7C3C-42BD-A28B-0AA470853ADD}.Debug|x64.Deploy.0 = Debug|iPhone
		{39C4979E-7C3C-42BD-A28B-0AA470853ADD}.Debug|x86.ActiveCfg = Debug|iPhone
		{39C4979E-7C3C-42BD-A28B-0AA470853ADD}.Debug|x86.Build.0 = Debug|iPhone
		{39C4979E-7C3C-42BD-A28B-0AA470853ADD}.Debug|x86.Deploy.0 = Debug|iPhone
		{39C4979E-7C3C-42BD-A28B-0AA470853ADD}.Release|Any CPU.ActiveCfg = Release|iPhone
		{39C4979E-7C3C-42BD-A28B-0AA470853ADD}.Release|Any CPU.Build.0 = Release|iPhone
		{39C4979E-7C3C-42BD-A28B-0AA470853ADD}.Release|Any CPU.Deploy.0 = Release|iPhone
		{39C4979E-7C3C-42BD-A28B-0AA470853ADD}.Release|ARM.ActiveCfg = Release|iPhone
		{39C4979E-7C3C-42BD-A28B-0AA470853ADD}.Release|ARM.Build.0 = Release|iPhone
		{39C4979E-7C3C-42BD-A28B-0AA470853ADD}.Release|ARM.Deploy.0 = Release|iPhone
		{39C4979E-7C3C-42BD-A28B-0AA470853ADD}.Release|iPhone.ActiveCfg = Release|iPhone
		{39C4979E-7C3C-42BD-A28B-0AA470853ADD}.Release|iPhone.Build.0 = Release|iPhone
		{39C4979E-7C3C-42BD-A28B-0AA470853ADD}.Release|iPhone.Deploy.0 = Release|iPhone
		{39C4979E-7C3C-42BD-A28B-0AA470853ADD}.Release|iPhoneSimulator.ActiveCfg = Release|iPhoneSimulator
		{39C4979E-7C3C-42BD-A28B-0AA470853ADD}.Release|iPhoneSimulator.Build.0 = Release|iPhoneSimulator
		{39C4979E-7C3C-42BD-A28B-0AA470853ADD}.Release|iPhoneSimulator.Deploy.0 = Release|iPhoneSimulator
		{39C4979E-7C3C-42BD-A28B-0AA470853ADD}.Release|x64.ActiveCfg = Release|iPhone
		{39C4979E-7C3C-42BD-A28B-0AA470853ADD}.Release|x64.Build.0 = Release|iPhone
		{39C4979E-7C3C-42BD-A28B-0AA470853ADD}.Release|x64.Deploy.0 = Release|iPhone
		{39C4979E-7C3C-42BD-A28B-0AA470853ADD}.Release|x86.ActiveCfg = Release|iPhone
		{39C4979E-7C3C-42BD-A28B-0AA470853ADD}.Release|x86.Build.0 = Release|iPhone
		{39C4979E-7C3C-42BD-A28B-0AA470853ADD}.Release|x86.Deploy.0 = Release|iPhone
		{9CC9911D-66C5-4E0E-AA24-4CF0E47594F9}.Debug|Any CPU.ActiveCfg = Debug|Any CPU
		{9CC9911D-66C5-4E0E-AA24-4CF0E47594F9}.Debug|Any CPU.Build.0 = Debug|Any CPU
		{9CC9911D-66C5-4E0E-AA24-4CF0E47594F9}.Debug|Any CPU.Deploy.0 = Debug|Any CPU
		{9CC9911D-66C5-4E0E-AA24-4CF0E47594F9}.Debug|ARM.ActiveCfg = Debug|Any CPU
		{9CC9911D-66C5-4E0E-AA24-4CF0E47594F9}.Debug|ARM.Build.0 = Debug|Any CPU
		{9CC9911D-66C5-4E0E-AA24-4CF0E47594F9}.Debug|ARM.Deploy.0 = Debug|Any CPU
		{9CC9911D-66C5-4E0E-AA24-4CF0E47594F9}.Debug|iPhone.ActiveCfg = Debug|Any CPU
		{9CC9911D-66C5-4E0E-AA24-4CF0E47594F9}.Debug|iPhone.Build.0 = Debug|Any CPU
		{9CC9911D-66C5-4E0E-AA24-4CF0E47594F9}.Debug|iPhone.Deploy.0 = Debug|Any CPU
		{9CC9911D-66C5-4E0E-AA24-4CF0E47594F9}.Debug|iPhoneSimulator.ActiveCfg = Debug|Any CPU
		{9CC9911D-66C5-4E0E-AA24-4CF0E47594F9}.Debug|iPhoneSimulator.Build.0 = Debug|Any CPU
		{9CC9911D-66C5-4E0E-AA24-4CF0E47594F9}.Debug|iPhoneSimulator.Deploy.0 = Debug|Any CPU
		{9CC9911D-66C5-4E0E-AA24-4CF0E47594F9}.Debug|x64.ActiveCfg = Debug|Any CPU
		{9CC9911D-66C5-4E0E-AA24-4CF0E47594F9}.Debug|x64.Build.0 = Debug|Any CPU
		{9CC9911D-66C5-4E0E-AA24-4CF0E47594F9}.Debug|x64.Deploy.0 = Debug|Any CPU
		{9CC9911D-66C5-4E0E-AA24-4CF0E47594F9}.Debug|x86.ActiveCfg = Debug|Any CPU
		{9CC9911D-66C5-4E0E-AA24-4CF0E47594F9}.Debug|x86.Build.0 = Debug|Any CPU
		{9CC9911D-66C5-4E0E-AA24-4CF0E47594F9}.Debug|x86.Deploy.0 = Debug|Any CPU
		{9CC9911D-66C5-4E0E-AA24-4CF0E47594F9}.Release|Any CPU.ActiveCfg = Release|Any CPU
		{9CC9911D-66C5-4E0E-AA24-4CF0E47594F9}.Release|Any CPU.Build.0 = Release|Any CPU
		{9CC9911D-66C5-4E0E-AA24-4CF0E47594F9}.Release|Any CPU.Deploy.0 = Release|Any CPU
		{9CC9911D-66C5-4E0E-AA24-4CF0E47594F9}.Release|ARM.ActiveCfg = Release|Any CPU
		{9CC9911D-66C5-4E0E-AA24-4CF0E47594F9}.Release|ARM.Build.0 = Release|Any CPU
		{9CC9911D-66C5-4E0E-AA24-4CF0E47594F9}.Release|ARM.Deploy.0 = Release|Any CPU
		{9CC9911D-66C5-4E0E-AA24-4CF0E47594F9}.Release|iPhone.ActiveCfg = Release|Any CPU
		{9CC9911D-66C5-4E0E-AA24-4CF0E47594F9}.Release|iPhone.Build.0 = Release|Any CPU
		{9CC9911D-66C5-4E0E-AA24-4CF0E47594F9}.Release|iPhone.Deploy.0 = Release|Any CPU
		{9CC9911D-66C5-4E0E-AA24-4CF0E47594F9}.Release|iPhoneSimulator.ActiveCfg = Release|Any CPU
		{9CC9911D-66C5-4E0E-AA24-4CF0E47594F9}.Release|iPhoneSimulator.Build.0 = Release|Any CPU
		{9CC9911D-66C5-4E0E-AA24-4CF0E47594F9}.Release|iPhoneSimulator.Deploy.0 = Release|Any CPU
		{9CC9911D-66C5-4E0E-AA24-4CF0E47594F9}.Release|x64.ActiveCfg = Release|Any CPU
		{9CC9911D-66C5-4E0E-AA24-4CF0E47594F9}.Release|x64.Build.0 = Release|Any CPU
		{9CC9911D-66C5-4E0E-AA24-4CF0E47594F9}.Release|x64.Deploy.0 = Release|Any CPU
		{9CC9911D-66C5-4E0E-AA24-4CF0E47594F9}.Release|x86.ActiveCfg = Release|Any CPU
		{9CC9911D-66C5-4E0E-AA24-4CF0E47594F9}.Release|x86.Build.0 = Release|Any CPU
		{9CC9911D-66C5-4E0E-AA24-4CF0E47594F9}.Release|x86.Deploy.0 = Release|Any CPU
	EndGlobalSection
	GlobalSection(SolutionProperties) = preSolution
		HideSolutionNode = FALSE
	EndGlobalSection
	GlobalSection(ExtensibilityGlobals) = postSolution
		SolutionGuid = {E42D663E-E49D-486D-817F-A9FA6ADB06F5}
	EndGlobalSection
EndGlobal
